// !$*UTF8*$!
{
	archiveVersion = 1;
	classes = {
	};
	objectVersion = 50;
	objects = {

/* Begin PBXBuildFile section */
		4B23BD602424645F00CCB7AE /* AppDelegate.swift in Sources */ = {isa = PBXBuildFile; fileRef = 4B23BD5F2424645F00CCB7AE /* AppDelegate.swift */; };
		4B23BD622424645F00CCB7AE /* SceneDelegate.swift in Sources */ = {isa = PBXBuildFile; fileRef = 4B23BD612424645F00CCB7AE /* SceneDelegate.swift */; };
		4B23BD642424645F00CCB7AE /* ViewController.swift in Sources */ = {isa = PBXBuildFile; fileRef = 4B23BD632424645F00CCB7AE /* ViewController.swift */; };
		4B23BD672424645F00CCB7AE /* Main.storyboard in Resources */ = {isa = PBXBuildFile; fileRef = 4B23BD652424645F00CCB7AE /* Main.storyboard */; };
		4B23BD692424646000CCB7AE /* Assets.xcassets in Resources */ = {isa = PBXBuildFile; fileRef = 4B23BD682424646000CCB7AE /* Assets.xcassets */; };
		4B23BD6C2424646000CCB7AE /* LaunchScreen.storyboard in Resources */ = {isa = PBXBuildFile; fileRef = 4B23BD6A2424646000CCB7AE /* LaunchScreen.storyboard */; };
/* End PBXBuildFile section */

/* Begin PBXFileReference section */
		4B23BD5C2424645F00CCB7AE /* Swift5Camera.app */ = {isa = PBXFileReference; explicitFileType = wrapper.application; includeInIndex = 0; path = Swift5Camera.app; sourceTree = BUILT_PRODUCTS_DIR; };
		4B23BD5F2424645F00CCB7AE /* AppDelegate.swift */ = {isa = PBXFileReference; lastKnownFileType = sourcecode.swift; path = AppDelegate.swift; sourceTree = "<group>"; };
		4B23BD612424645F00CCB7AE /* SceneDelegate.swift */ = {isa = PBXFileReference; lastKnownFileType = sourcecode.swift; path = SceneDelegate.swift; sourceTree = "<group>"; };
		4B23BD632424645F00CCB7AE /* ViewController.swift */ = {isa = PBXFileReference; lastKnownFileType = sourcecode.swift; path = ViewController.swift; sourceTree = "<group>"; };
		4B23BD662424645F00CCB7AE /* Base */ = {isa = PBXFileReference; lastKnownFileType = file.storyboard; name = Base; path = Base.lproj/Main.storyboard; sourceTree = "<group>"; };
		4B23BD682424646000CCB7AE /* Assets.xcassets */ = {isa = PBXFileReference; lastKnownFileType = folder.assetcatalog; path = Assets.xcassets; sourceTree = "<group>"; };
		4B23BD6B2424646000CCB7AE /* Base */ = {isa = PBXFileReference; lastKnownFileType = file.storyboard; name = Base; path = Base.lproj/LaunchScreen.storyboard; sourceTree = "<group>"; };
		4B23BD6D2424646000CCB7AE /* Info.plist */ = {isa = PBXFileReference; lastKnownFileType = text.plist.xml; path = Info.plist; sourceTree = "<group>"; };
/* End PBXFileReference section */

/* Begin PBXFrameworksBuildPhase section */
		4B23BD592424645F00CCB7AE /* Frameworks */ = {
			isa = PBXFrameworksBuildPhase;
			buildActionMask = 2147483647;
			files = (
			);
			runOnlyForDeploymentPostprocessing = 0;
		};
/* End PBXFrameworksBuildPhase section */

/* Begin PBXGroup section */
		4B23BD532424645F00CCB7AE = {
			isa = PBXGroup;
			children = (
				4B23BD5E2424645F00CCB7AE /* Swift5Camera */,
				4B23BD5D2424645F00CCB7AE /* Products */,
			);
			sourceTree = "<group>";
		};
		4B23BD5D2424645F00CCB7AE /* Products */ = {
			isa = PBXGroup;
			children = (
				4B23BD5C2424645F00CCB7AE /* Swift5Camera.app */,
			);
			name = Products;
			sourceTree = "<group>";
		};
		4B23BD5E2424645F00CCB7AE /* Swift5Camera */ = {
			isa = PBXGroup;
			children = (
				4B23BD5F2424645F00CCB7AE /* AppDelegate.swift */,
				4B23BD612424645F00CCB7AE /* SceneDelegate.swift */,
				4B23BD632424645F00CCB7AE /* ViewController.swift */,
				4B23BD652424645F00CCB7AE /* Main.storyboard */,
				4B23BD682424646000CCB7AE /* Assets.xcassets */,
				4B23BD6A2424646000CCB7AE /* LaunchScreen.storyboard */,
				4B23BD6D2424646000CCB7AE /* Info.plist */,
			);
			path = Swift5Camera;
			sourceTree = "<group>";
		};
/* End PBXGroup section */

/* Begin PBXNativeTarget section */
		4B23BD5B2424645F00CCB7AE /* Swift5Camera */ = {
			isa = PBXNativeTarget;
			buildConfigurationList = 4B23BD702424646000CCB7AE /* Build configuration list for PBXNativeTarget "Swift5Camera" */;
			buildPhases = (
				4B23BD582424645F00CCB7AE /* Sources */,
				4B23BD592424645F00CCB7AE /* Frameworks */,
				4B23BD5A2424645F00CCB7AE /* Resources */,
			);
			buildRules = (
			);
			dependencies = (
			);
			name = Swift5Camera;
			productName = Swift5Camera;
			productReference = 4B23BD5C2424645F00CCB7AE /* Swift5Camera.app */;
			productType = "com.apple.product-type.application";
		};
/* End PBXNativeTarget section */

/* Begin PBXProject section */
		4B23BD542424645F00CCB7AE /* Project object */ = {
			isa = PBXProject;
			attributes = {
				LastSwiftUpdateCheck = 1130;
				LastUpgradeCheck = 1130;
				ORGANIZATIONNAME = "nagasawa hirotomo";
				TargetAttributes = {
					4B23BD5B2424645F00CCB7AE = {
						CreatedOnToolsVersion = 11.3.1;
					};
				};
			};
			buildConfigurationList = 4B23BD572424645F00CCB7AE /* Build configuration list for PBXProject "Swift5Camera" */;
			compatibilityVersion = "Xcode 9.3";
			developmentRegion = en;
			hasScannedForEncodings = 0;
			knownRegions = (
				en,
				Base,
			);
			mainGroup = 4B23BD532424645F00CCB7AE;
			productRefGroup = 4B23BD5D2424645F00CCB7AE /* Products */;
			projectDirPath = "";
			projectRoot = "";
			targets = (
				4B23BD5B2424645F00CCB7AE /* Swift5Camera */,
			);
		};
/* End PBXProject section */

/* Begin PBXResourcesBuildPhase section */
		4B23BD5A2424645F00CCB7AE /* Resources */ = {
			isa = PBXResourcesBuildPhase;
			buildActionMask = 2147483647;
			files = (
				4B23BD6C2424646000CCB7AE /* LaunchScreen.storyboard in Resources */,
				4B23BD692424646000CCB7AE /* Assets.xcassets in Resources */,
				4B23BD672424645F00CCB7AE /* Main.storyboard in Resources */,
			);
			runOnlyForDeploymentPostprocessing = 0;
		};
/* End PBXResourcesBuildPhase section */

/* Begin PBXSourcesBuildPhase section */
		4B23BD582424645F00CCB7AE /* Sources */ = {
			isa = PBXSourcesBuildPhase;
			buildActionMask = 2147483647;
			files = (
				4B23BD642424645F00CCB7AE /* ViewController.swift in Sources */,
				4B23BD602424645F00CCB7AE /* AppDelegate.swift in Sources */,
				4B23BD622424645F00CCB7AE /* SceneDelegate.swift in Sources */,
			);
			runOnlyForDeploymentPostprocessing = 0;
		};
/* End PBXSourcesBuildPhase section */

/* Begin PBXVariantGroup section */
		4B23BD652424645F00CCB7AE /* Main.storyboard */ = {
			isa = PBXVariantGroup;
			children = (
				4B23BD662424645F00CCB7AE /* Base */,
			);
			name = Main.storyboard;
			sourceTree = "<group>";
		};
		4B23BD6A2424646000CCB7AE /* LaunchScreen.storyboard */ = {
			isa = PBXVariantGroup;
			children = (
				4B23BD6B2424646000CCB7AE /* Base */,
			);
			name = LaunchScreen.storyboard;
			sourceTree = "<group>";
		};
/* End PBXVariantGroup section */

/* Begin XCBuildConfiguration section */
		4B23BD6E2424646000CCB7AE /* Debug */ = {
			isa = XCBuildConfiguration;
			buildSettings = {
				ALWAYS_SEARCH_USER_PATHS = NO;
				CLANG_ANALYZER_NONNULL = YES;
				CLANG_ANALYZER_NUMBER_OBJECT_CONVERSION = YES_AGGRESSIVE;
				CLANG_CXX_LANGUAGE_STANDARD = "gnu++14";
				CLANG_CXX_LIBRARY = "libc++";
				CLANG_ENABLE_MODULES = YES;
				CLANG_ENABLE_OBJC_ARC = YES;
				CLANG_ENABLE_OBJC_WEAK = YES;
				CLANG_WARN_BLOCK_CAPTURE_AUTORELEASING = YES;
				CLANG_WARN_BOOL_CONVERSION = YES;
				CLANG_WARN_COMMA = YES;
				CLANG_WARN_CONSTANT_CONVERSION = YES;
				CLANG_WARN_DEPRECATED_OBJC_IMPLEMENTATIONS = YES;
				CLANG_WARN_DIRECT_OBJC_ISA_USAGE = YES_ERROR;
				CLANG_WARN_DOCUMENTATION_COMMENTS = YES;
				CLANG_WARN_EMPTY_BODY = YES;
				CLANG_WARN_ENUM_CONVERSION = YES;
				CLANG_WARN_INFINITE_RECURSION = YES;
				CLANG_WARN_INT_CONVERSION = YES;
				CLANG_WARN_NON_LITERAL_NULL_CONVERSION = YES;
				CLANG_WARN_OBJC_IMPLICIT_RETAIN_SELF = YES;
				CLANG_WARN_OBJC_LITERAL_CONVERSION = YES;
				CLANG_WARN_OBJC_ROOT_CLASS = YES_ERROR;
				CLANG_WARN_RANGE_LOOP_ANALYSIS = YES;
				CLANG_WARN_STRICT_PROTOTYPES = YES;
				CLANG_WARN_SUSPICIOUS_MOVE = YES;
				CLANG_WARN_UNGUARDED_AVAILABILITY = YES_AGGRESSIVE;
				CLANG_WARN_UNREACHABLE_CODE = YES;
				CLANG_WARN__DUPLICATE_METHOD_MATCH = YES;
				COPY_PHASE_STRIP = NO;
				DEBUG_INFORMATION_FORMAT = dwarf;
				ENABLE_STRICT_OBJC_MSGSEND = YES;
				ENABLE_TESTABILITY = YES;
				GCC_C_LANGUAGE_STANDARD = gnu11;
				GCC_DYNAMIC_NO_PIC = NO;
				GCC_NO_COMMON_BLOCKS = YES;
				GCC_OPTIMIZATION_LEVEL = 0;
				GCC_PREPROCESSOR_DEFINITIONS = (
					"DEBUG=1",
					"$(inherited)",
				);
				GCC_WARN_64_TO_32_BIT_CONVERSION = YES;
				GCC_WARN_ABOUT_RETURN_TYPE = YES_ERROR;
				GCC_WARN_UNDECLARED_SELECTOR = YES;
				GCC_WARN_UNINITIALIZED_AUTOS = YES_AGGRESSIVE;
				GCC_WARN_UNUSED_FUNCTION = YES;
				GCC_WARN_UNUSED_VARIABLE = YES;
				IPHONEOS_DEPLOYMENT_TARGET = 13.2;
				MTL_ENABLE_DEBUG_INFO = INCLUDE_SOURCE;
				MTL_FAST_MATH = YES;
				ONLY_ACTIVE_ARCH = YES;
				SDKROOT = iphoneos;
				SWIFT_ACTIVE_COMPILATION_CONDITIONS = DEBUG;
				SWIFT_OPTIMIZATION_LEVEL = "-Onone";
			};
			name = Debug;
		};
		4B23BD6F2424646000CCB7AE /* Release */ = {
			isa = XCBuildConfiguration;
			buildSettings = {
				ALWAYS_SEARCH_USER_PATHS = NO;
				CLANG_ANALYZER_NONNULL = YES;
				CLANG_ANALYZER_NUMBER_OBJECT_CONVERSION = YES_AGGRESSIVE;
				CLANG_CXX_LANGUAGE_STANDARD = "gnu++14";
				CLANG_CXX_LIBRARY = "libc++";
				CLANG_ENABLE_MODULES = YES;
				CLANG_ENABLE_OBJC_ARC = YES;
				CLANG_ENABLE_OBJC_WEAK = YES;
				CLANG_WARN_BLOCK_CAPTURE_AUTORELEASING = YES;
				CLANG_WARN_BOOL_CONVERSION = YES;
				CLANG_WARN_COMMA = YES;
				CLANG_WARN_CONSTANT_CONVERSION = YES;
				CLANG_WARN_DEPRECATED_OBJC_IMPLEMENTATIONS = YES;
				CLANG_WARN_DIRECT_OBJC_ISA_USAGE = YES_ERROR;
				CLANG_WARN_DOCUMENTATION_COMMENTS = YES;
				CLANG_WARN_EMPTY_BODY = YES;
				CLANG_WARN_ENUM_CONVERSION = YES;
				CLANG_WARN_INFINITE_RECURSION = YES;
				CLANG_WARN_INT_CONVERSION = YES;
				CLANG_WARN_NON_LITERAL_NULL_CONVERSION = YES;
				CLANG_WARN_OBJC_IMPLICIT_RETAIN_SELF = YES;
				CLANG_WARN_OBJC_LITERAL_CONVERSION = YES;
				CLANG_WARN_OBJC_ROOT_CLASS = YES_ERROR;
				CLANG_WARN_RANGE_LOOP_ANALYSIS = YES;
				CLANG_WARN_STRICT_PROTOTYPES = YES;
				CLANG_WARN_SUSPICIOUS_MOVE = YES;
				CLANG_WARN_UNGUARDED_AVAILABILITY = YES_AGGRESSIVE;
				CLANG_WARN_UNREACHABLE_CODE = YES;
				CLANG_WARN__DUPLICATE_METHOD_MATCH = YES;
				COPY_PHASE_STRIP = NO;
				DEBUG_INFORMATION_FORMAT = "dwarf-with-dsym";
				ENABLE_NS_ASSERTIONS = NO;
				ENABLE_STRICT_OBJC_MSGSEND = YES;
				GCC_C_LANGUAGE_STANDARD = gnu11;
				GCC_NO_COMMON_BLOCKS = YES;
				GCC_WARN_64_TO_32_BIT_CONVERSION = YES;
				GCC_WARN_ABOUT_RETURN_TYPE = YES_ERROR;
				GCC_WARN_UNDECLARED_SELECTOR = YES;
				GCC_WARN_UNINITIALIZED_AUTOS = YES_AGGRESSIVE;
				GCC_WARN_UNUSED_FUNCTION = YES;
				GCC_WARN_UNUSED_VARIABLE = YES;
				IPHONEOS_DEPLOYMENT_TARGET = 13.2;
				MTL_ENABLE_DEBUG_INFO = NO;
				MTL_FAST_MATH = YES;
				SDKROOT = iphoneos;
				SWIFT_COMPILATION_MODE = wholemodule;
				SWIFT_OPTIMIZATION_LEVEL = "-O";
				VALIDATE_PRODUCT = YES;
			};
			name = Release;
		};
		4B23BD712424646000CCB7AE /* Debug */ = {
			isa = XCBuildConfiguration;
			buildSettings = {
				ASSETCATALOG_COMPILER_APPICON_NAME = AppIcon;
				CODE_SIGN_STYLE = Automatic;
				DEVELOPMENT_TEAM = QP9ZQ6Q2KY;
				INFOPLIST_FILE = Swift5Camera/Info.plist;
				LD_RUNPATH_SEARCH_PATHS = (
					"$(inherited)",
					"@executable_path/Frameworks",
				);
				PRODUCT_BUNDLE_IDENTIFIER = com.buzzsen.Swift5Camera;
				PRODUCT_NAME = "$(TARGET_NAME)";
				SWIFT_VERSION = 5.0;
				TARGETED_DEVICE_FAMILY = 1;
			};
			name = Debug;
		};
		4B23BD722424646000CCB7AE /* Release */ = {
			isa = XCBuildConfiguration;
			buildSettings = {
				ASSETCATALOG_COMPILER_APPICON_NAME = AppIcon;
				CODE_SIGN_STYLE = Automatic;
				DEVELOPMENT_TEAM = QP9ZQ6Q2KY;
				INFOPLIST_FILE = Swift5Camera/Info.plist;
				LD_RUNPATH_SEARCH_PATHS = (
					"$(inherited)",
					"@executable_path/Frameworks",
				);
				PRODUCT_BUNDLE_IDENTIFIER = com.buzzsen.Swift5Camera;
				PRODUCT_NAME = "$(TARGET_NAME)";
				SWIFT_VERSION = 5.0;
				TARGETED_DEVICE_FAMILY = 1;
			};
			name = Release;
		};
/* End XCBuildConfiguration section */

/* Begin XCConfigurationList section */
		4B23BD572424645F00CCB7AE /* Build configuration list for PBXProject "Swift5Camera" */ = {
			isa = XCConfigurationList;
			buildConfigurations = (
				4B23BD6E2424646000CCB7AE /* Debug */,
				4B23BD6F2424646000CCB7AE /* Release */,
			);
			defaultConfigurationIsVisible = 0;
			defaultConfigurationName = Release;
		};
		4B23BD702424646000CCB7AE /* Build configuration list for PBXNativeTarget "Swift5Camera" */ = {
			isa = XCConfigurationList;
			buildConfigurations = (
				4B23BD712424646000CCB7AE /* Debug */,
				4B23BD722424646000CCB7AE /* Release */,
			);
			defaultConfigurationIsVisible = 0;
			defaultConfigurationName = Release;
		};
/* End XCConfigurationList section */
	};
	rootObject = 4B23BD542424645F00CCB7AE /* Project object */;
}
