// !$*UTF8*$!
{
	archiveVersion = 1;
	classes = {
	};
	objectVersion = 50;
	objects = {

/* Begin PBXBuildFile section */
		4BC427042419317D00B83530 /* AppDelegate.swift in Sources */ = {isa = PBXBuildFile; fileRef = 4BC427032419317D00B83530 /* AppDelegate.swift */; };
		4BC427062419317D00B83530 /* SceneDelegate.swift in Sources */ = {isa = PBXBuildFile; fileRef = 4BC427052419317D00B83530 /* SceneDelegate.swift */; };
		4BC427082419317D00B83530 /* ViewController.swift in Sources */ = {isa = PBXBuildFile; fileRef = 4BC427072419317D00B83530 /* ViewController.swift */; };
		4BC4270B2419317D00B83530 /* Main.storyboard in Resources */ = {isa = PBXBuildFile; fileRef = 4BC427092419317D00B83530 /* Main.storyboard */; };
		4BC4270D2419318000B83530 /* Assets.xcassets in Resources */ = {isa = PBXBuildFile; fileRef = 4BC4270C2419318000B83530 /* Assets.xcassets */; };
		4BC427102419318000B83530 /* LaunchScreen.storyboard in Resources */ = {isa = PBXBuildFile; fileRef = 4BC4270E2419318000B83530 /* LaunchScreen.storyboard */; };
		4BC4271B2419318000B83530 /* SliderTests.swift in Sources */ = {isa = PBXBuildFile; fileRef = 4BC4271A2419318000B83530 /* SliderTests.swift */; };
		4BC427262419318000B83530 /* SliderUITests.swift in Sources */ = {isa = PBXBuildFile; fileRef = 4BC427252419318000B83530 /* SliderUITests.swift */; };
/* End PBXBuildFile section */

/* Begin PBXContainerItemProxy section */
		4BC427172419318000B83530 /* PBXContainerItemProxy */ = {
			isa = PBXContainerItemProxy;
			containerPortal = 4BC426F82419317D00B83530 /* Project object */;
			proxyType = 1;
			remoteGlobalIDString = 4BC426FF2419317D00B83530;
			remoteInfo = Slider;
		};
		4BC427222419318000B83530 /* PBXContainerItemProxy */ = {
			isa = PBXContainerItemProxy;
			containerPortal = 4BC426F82419317D00B83530 /* Project object */;
			proxyType = 1;
			remoteGlobalIDString = 4BC426FF2419317D00B83530;
			remoteInfo = Slider;
		};
/* End PBXContainerItemProxy section */

/* Begin PBXFileReference section */
		4BC427002419317D00B83530 /* Slider.app */ = {isa = PBXFileReference; explicitFileType = wrapper.application; includeInIndex = 0; path = Slider.app; sourceTree = BUILT_PRODUCTS_DIR; };
		4BC427032419317D00B83530 /* AppDelegate.swift */ = {isa = PBXFileReference; lastKnownFileType = sourcecode.swift; path = AppDelegate.swift; sourceTree = "<group>"; };
		4BC427052419317D00B83530 /* SceneDelegate.swift */ = {isa = PBXFileReference; lastKnownFileType = sourcecode.swift; path = SceneDelegate.swift; sourceTree = "<group>"; };
		4BC427072419317D00B83530 /* ViewController.swift */ = {isa = PBXFileReference; lastKnownFileType = sourcecode.swift; path = ViewController.swift; sourceTree = "<group>"; };
		4BC4270A2419317D00B83530 /* Base */ = {isa = PBXFileReference; lastKnownFileType = file.storyboard; name = Base; path = Base.lproj/Main.storyboard; sourceTree = "<group>"; };
		4BC4270C2419318000B83530 /* Assets.xcassets */ = {isa = PBXFileReference; lastKnownFileType = folder.assetcatalog; path = Assets.xcassets; sourceTree = "<group>"; };
		4BC4270F2419318000B83530 /* Base */ = {isa = PBXFileReference; lastKnownFileType = file.storyboard; name = Base; path = Base.lproj/LaunchScreen.storyboard; sourceTree = "<group>"; };
		4BC427112419318000B83530 /* Info.plist */ = {isa = PBXFileReference; lastKnownFileType = text.plist.xml; path = Info.plist; sourceTree = "<group>"; };
		4BC427162419318000B83530 /* SliderTests.xctest */ = {isa = PBXFileReference; explicitFileType = wrapper.cfbundle; includeInIndex = 0; path = SliderTests.xctest; sourceTree = BUILT_PRODUCTS_DIR; };
		4BC4271A2419318000B83530 /* SliderTests.swift */ = {isa = PBXFileReference; lastKnownFileType = sourcecode.swift; path = SliderTests.swift; sourceTree = "<group>"; };
		4BC4271C2419318000B83530 /* Info.plist */ = {isa = PBXFileReference; lastKnownFileType = text.plist.xml; path = Info.plist; sourceTree = "<group>"; };
		4BC427212419318000B83530 /* SliderUITests.xctest */ = {isa = PBXFileReference; explicitFileType = wrapper.cfbundle; includeInIndex = 0; path = SliderUITests.xctest; sourceTree = BUILT_PRODUCTS_DIR; };
		4BC427252419318000B83530 /* SliderUITests.swift */ = {isa = PBXFileReference; lastKnownFileType = sourcecode.swift; path = SliderUITests.swift; sourceTree = "<group>"; };
		4BC427272419318000B83530 /* Info.plist */ = {isa = PBXFileReference; lastKnownFileType = text.plist.xml; path = Info.plist; sourceTree = "<group>"; };
/* End PBXFileReference section */

/* Begin PBXFrameworksBuildPhase section */
		4BC426FD2419317D00B83530 /* Frameworks */ = {
			isa = PBXFrameworksBuildPhase;
			buildActionMask = 2147483647;
			files = (
			);
			runOnlyForDeploymentPostprocessing = 0;
		};
		4BC427132419318000B83530 /* Frameworks */ = {
			isa = PBXFrameworksBuildPhase;
			buildActionMask = 2147483647;
			files = (
			);
			runOnlyForDeploymentPostprocessing = 0;
		};
		4BC4271E2419318000B83530 /* Frameworks */ = {
			isa = PBXFrameworksBuildPhase;
			buildActionMask = 2147483647;
			files = (
			);
			runOnlyForDeploymentPostprocessing = 0;
		};
/* End PBXFrameworksBuildPhase section */

/* Begin PBXGroup section */
		4BC426F72419317D00B83530 = {
			isa = PBXGroup;
			children = (
				4BC427022419317D00B83530 /* Slider */,
				4BC427192419318000B83530 /* SliderTests */,
				4BC427242419318000B83530 /* SliderUITests */,
				4BC427012419317D00B83530 /* Products */,
			);
			sourceTree = "<group>";
		};
		4BC427012419317D00B83530 /* Products */ = {
			isa = PBXGroup;
			children = (
				4BC427002419317D00B83530 /* Slider.app */,
				4BC427162419318000B83530 /* SliderTests.xctest */,
				4BC427212419318000B83530 /* SliderUITests.xctest */,
			);
			name = Products;
			sourceTree = "<group>";
		};
		4BC427022419317D00B83530 /* Slider */ = {
			isa = PBXGroup;
			children = (
				4BC427032419317D00B83530 /* AppDelegate.swift */,
				4BC427052419317D00B83530 /* SceneDelegate.swift */,
				4BC427072419317D00B83530 /* ViewController.swift */,
				4BC427092419317D00B83530 /* Main.storyboard */,
				4BC4270C2419318000B83530 /* Assets.xcassets */,
				4BC4270E2419318000B83530 /* LaunchScreen.storyboard */,
				4BC427112419318000B83530 /* Info.plist */,
			);
			path = Slider;
			sourceTree = "<group>";
		};
		4BC427192419318000B83530 /* SliderTests */ = {
			isa = PBXGroup;
			children = (
				4BC4271A2419318000B83530 /* SliderTests.swift */,
				4BC4271C2419318000B83530 /* Info.plist */,
			);
			path = SliderTests;
			sourceTree = "<group>";
		};
		4BC427242419318000B83530 /* SliderUITests */ = {
			isa = PBXGroup;
			children = (
				4BC427252419318000B83530 /* SliderUITests.swift */,
				4BC427272419318000B83530 /* Info.plist */,
			);
			path = SliderUITests;
			sourceTree = "<group>";
		};
/* End PBXGroup section */

/* Begin PBXNativeTarget section */
		4BC426FF2419317D00B83530 /* Slider */ = {
			isa = PBXNativeTarget;
			buildConfigurationList = 4BC4272A2419318000B83530 /* Build configuration list for PBXNativeTarget "Slider" */;
			buildPhases = (
				4BC426FC2419317D00B83530 /* Sources */,
				4BC426FD2419317D00B83530 /* Frameworks */,
				4BC426FE2419317D00B83530 /* Resources */,
			);
			buildRules = (
			);
			dependencies = (
			);
			name = Slider;
			productName = Slider;
			productReference = 4BC427002419317D00B83530 /* Slider.app */;
			productType = "com.apple.product-type.application";
		};
		4BC427152419318000B83530 /* SliderTests */ = {
			isa = PBXNativeTarget;
			buildConfigurationList = 4BC4272D2419318000B83530 /* Build configuration list for PBXNativeTarget "SliderTests" */;
			buildPhases = (
				4BC427122419318000B83530 /* Sources */,
				4BC427132419318000B83530 /* Frameworks */,
				4BC427142419318000B83530 /* Resources */,
			);
			buildRules = (
			);
			dependencies = (
				4BC427182419318000B83530 /* PBXTargetDependency */,
			);
			name = SliderTests;
			productName = SliderTests;
			productReference = 4BC427162419318000B83530 /* SliderTests.xctest */;
			productType = "com.apple.product-type.bundle.unit-test";
		};
		4BC427202419318000B83530 /* SliderUITests */ = {
			isa = PBXNativeTarget;
			buildConfigurationList = 4BC427302419318000B83530 /* Build configuration list for PBXNativeTarget "SliderUITests" */;
			buildPhases = (
				4BC4271D2419318000B83530 /* Sources */,
				4BC4271E2419318000B83530 /* Frameworks */,
				4BC4271F2419318000B83530 /* Resources */,
			);
			buildRules = (
			);
			dependencies = (
				4BC427232419318000B83530 /* PBXTargetDependency */,
			);
			name = SliderUITests;
			productName = SliderUITests;
			productReference = 4BC427212419318000B83530 /* SliderUITests.xctest */;
			productType = "com.apple.product-type.bundle.ui-testing";
		};
/* End PBXNativeTarget section */

/* Begin PBXProject section */
		4BC426F82419317D00B83530 /* Project object */ = {
			isa = PBXProject;
			attributes = {
				LastSwiftUpdateCheck = 1130;
				LastUpgradeCheck = 1130;
				ORGANIZATIONNAME = "nagasawa hirotomo";
				TargetAttributes = {
					4BC426FF2419317D00B83530 = {
						CreatedOnToolsVersion = 11.3.1;
					};
					4BC427152419318000B83530 = {
						CreatedOnToolsVersion = 11.3.1;
						TestTargetID = 4BC426FF2419317D00B83530;
					};
					4BC427202419318000B83530 = {
						CreatedOnToolsVersion = 11.3.1;
						TestTargetID = 4BC426FF2419317D00B83530;
					};
				};
			};
			buildConfigurationList = 4BC426FB2419317D00B83530 /* Build configuration list for PBXProject "Slider" */;
			compatibilityVersion = "Xcode 9.3";
			developmentRegion = en;
			hasScannedForEncodings = 0;
			knownRegions = (
				en,
				Base,
			);
			mainGroup = 4BC426F72419317D00B83530;
			productRefGroup = 4BC427012419317D00B83530 /* Products */;
			projectDirPath = "";
			projectRoot = "";
			targets = (
				4BC426FF2419317D00B83530 /* Slider */,
				4BC427152419318000B83530 /* SliderTests */,
				4BC427202419318000B83530 /* SliderUITests */,
			);
		};
/* End PBXProject section */

/* Begin PBXResourcesBuildPhase section */
		4BC426FE2419317D00B83530 /* Resources */ = {
			isa = PBXResourcesBuildPhase;
			buildActionMask = 2147483647;
			files = (
				4BC427102419318000B83530 /* LaunchScreen.storyboard in Resources */,
				4BC4270D2419318000B83530 /* Assets.xcassets in Resources */,
				4BC4270B2419317D00B83530 /* Main.storyboard in Resources */,
			);
			runOnlyForDeploymentPostprocessing = 0;
		};
		4BC427142419318000B83530 /* Resources */ = {
			isa = PBXResourcesBuildPhase;
			buildActionMask = 2147483647;
			files = (
			);
			runOnlyForDeploymentPostprocessing = 0;
		};
		4BC4271F2419318000B83530 /* Resources */ = {
			isa = PBXResourcesBuildPhase;
			buildActionMask = 2147483647;
			files = (
			);
			runOnlyForDeploymentPostprocessing = 0;
		};
/* End PBXResourcesBuildPhase section */

/* Begin PBXSourcesBuildPhase section */
		4BC426FC2419317D00B83530 /* Sources */ = {
			isa = PBXSourcesBuildPhase;
			buildActionMask = 2147483647;
			files = (
				4BC427082419317D00B83530 /* ViewController.swift in Sources */,
				4BC427042419317D00B83530 /* AppDelegate.swift in Sources */,
				4BC427062419317D00B83530 /* SceneDelegate.swift in Sources */,
			);
			runOnlyForDeploymentPostprocessing = 0;
		};
		4BC427122419318000B83530 /* Sources */ = {
			isa = PBXSourcesBuildPhase;
			buildActionMask = 2147483647;
			files = (
				4BC4271B2419318000B83530 /* SliderTests.swift in Sources */,
			);
			runOnlyForDeploymentPostprocessing = 0;
		};
		4BC4271D2419318000B83530 /* Sources */ = {
			isa = PBXSourcesBuildPhase;
			buildActionMask = 2147483647;
			files = (
				4BC427262419318000B83530 /* SliderUITests.swift in Sources */,
			);
			runOnlyForDeploymentPostprocessing = 0;
		};
/* End PBXSourcesBuildPhase section */

/* Begin PBXTargetDependency section */
		4BC427182419318000B83530 /* PBXTargetDependency */ = {
			isa = PBXTargetDependency;
			target = 4BC426FF2419317D00B83530 /* Slider */;
			targetProxy = 4BC427172419318000B83530 /* PBXContainerItemProxy */;
		};
		4BC427232419318000B83530 /* PBXTargetDependency */ = {
			isa = PBXTargetDependency;
			target = 4BC426FF2419317D00B83530 /* Slider */;
			targetProxy = 4BC427222419318000B83530 /* PBXContainerItemProxy */;
		};
/* End PBXTargetDependency section */

/* Begin PBXVariantGroup section */
		4BC427092419317D00B83530 /* Main.storyboard */ = {
			isa = PBXVariantGroup;
			children = (
				4BC4270A2419317D00B83530 /* Base */,
			);
			name = Main.storyboard;
			sourceTree = "<group>";
		};
		4BC4270E2419318000B83530 /* LaunchScreen.storyboard */ = {
			isa = PBXVariantGroup;
			children = (
				4BC4270F2419318000B83530 /* Base */,
			);
			name = LaunchScreen.storyboard;
			sourceTree = "<group>";
		};
/* End PBXVariantGroup section */

/* Begin XCBuildConfiguration section */
		4BC427282419318000B83530 /* Debug */ = {
			isa = XCBuildConfiguration;
			buildSettings = {
				ALWAYS_SEARCH_USER_PATHS = NO;
				CLANG_ANALYZER_NONNULL = YES;
				CLANG_ANALYZER_NUMBER_OBJECT_CONVERSION = YES_AGGRESSIVE;
				CLANG_CXX_LANGUAGE_STANDARD = "gnu++14";
				CLANG_CXX_LIBRARY = "libc++";
				CLANG_ENABLE_MODULES = YES;
				CLANG_ENABLE_OBJC_ARC = YES;
				CLANG_ENABLE_OBJC_WEAK = YES;
				CLANG_WARN_BLOCK_CAPTURE_AUTORELEASING = YES;
				CLANG_WARN_BOOL_CONVERSION = YES;
				CLANG_WARN_COMMA = YES;
				CLANG_WARN_CONSTANT_CONVERSION = YES;
				CLANG_WARN_DEPRECATED_OBJC_IMPLEMENTATIONS = YES;
				CLANG_WARN_DIRECT_OBJC_ISA_USAGE = YES_ERROR;
				CLANG_WARN_DOCUMENTATION_COMMENTS = YES;
				CLANG_WARN_EMPTY_BODY = YES;
				CLANG_WARN_ENUM_CONVERSION = YES;
				CLANG_WARN_INFINITE_RECURSION = YES;
				CLANG_WARN_INT_CONVERSION = YES;
				CLANG_WARN_NON_LITERAL_NULL_CONVERSION = YES;
				CLANG_WARN_OBJC_IMPLICIT_RETAIN_SELF = YES;
				CLANG_WARN_OBJC_LITERAL_CONVERSION = YES;
				CLANG_WARN_OBJC_ROOT_CLASS = YES_ERROR;
				CLANG_WARN_RANGE_LOOP_ANALYSIS = YES;
				CLANG_WARN_STRICT_PROTOTYPES = YES;
				CLANG_WARN_SUSPICIOUS_MOVE = YES;
				CLANG_WARN_UNGUARDED_AVAILABILITY = YES_AGGRESSIVE;
				CLANG_WARN_UNREACHABLE_CODE = YES;
				CLANG_WARN__DUPLICATE_METHOD_MATCH = YES;
				COPY_PHASE_STRIP = NO;
				DEBUG_INFORMATION_FORMAT = dwarf;
				ENABLE_STRICT_OBJC_MSGSEND = YES;
				ENABLE_TESTABILITY = YES;
				GCC_C_LANGUAGE_STANDARD = gnu11;
				GCC_DYNAMIC_NO_PIC = NO;
				GCC_NO_COMMON_BLOCKS = YES;
				GCC_OPTIMIZATION_LEVEL = 0;
				GCC_PREPROCESSOR_DEFINITIONS = (
					"DEBUG=1",
					"$(inherited)",
				);
				GCC_WARN_64_TO_32_BIT_CONVERSION = YES;
				GCC_WARN_ABOUT_RETURN_TYPE = YES_ERROR;
				GCC_WARN_UNDECLARED_SELECTOR = YES;
				GCC_WARN_UNINITIALIZED_AUTOS = YES_AGGRESSIVE;
				GCC_WARN_UNUSED_FUNCTION = YES;
				GCC_WARN_UNUSED_VARIABLE = YES;
				IPHONEOS_DEPLOYMENT_TARGET = 13.2;
				MTL_ENABLE_DEBUG_INFO = INCLUDE_SOURCE;
				MTL_FAST_MATH = YES;
				ONLY_ACTIVE_ARCH = YES;
				SDKROOT = iphoneos;
				SWIFT_ACTIVE_COMPILATION_CONDITIONS = DEBUG;
				SWIFT_OPTIMIZATION_LEVEL = "-Onone";
			};
			name = Debug;
		};
		4BC427292419318000B83530 /* Release */ = {
			isa = XCBuildConfiguration;
			buildSettings = {
				ALWAYS_SEARCH_USER_PATHS = NO;
				CLANG_ANALYZER_NONNULL = YES;
				CLANG_ANALYZER_NUMBER_OBJECT_CONVERSION = YES_AGGRESSIVE;
				CLANG_CXX_LANGUAGE_STANDARD = "gnu++14";
				CLANG_CXX_LIBRARY = "libc++";
				CLANG_ENABLE_MODULES = YES;
				CLANG_ENABLE_OBJC_ARC = YES;
				CLANG_ENABLE_OBJC_WEAK = YES;
				CLANG_WARN_BLOCK_CAPTURE_AUTORELEASING = YES;
				CLANG_WARN_BOOL_CONVERSION = YES;
				CLANG_WARN_COMMA = YES;
				CLANG_WARN_CONSTANT_CONVERSION = YES;
				CLANG_WARN_DEPRECATED_OBJC_IMPLEMENTATIONS = YES;
				CLANG_WARN_DIRECT_OBJC_ISA_USAGE = YES_ERROR;
				CLANG_WARN_DOCUMENTATION_COMMENTS = YES;
				CLANG_WARN_EMPTY_BODY = YES;
				CLANG_WARN_ENUM_CONVERSION = YES;
				CLANG_WARN_INFINITE_RECURSION = YES;
				CLANG_WARN_INT_CONVERSION = YES;
				CLANG_WARN_NON_LITERAL_NULL_CONVERSION = YES;
				CLANG_WARN_OBJC_IMPLICIT_RETAIN_SELF = YES;
				CLANG_WARN_OBJC_LITERAL_CONVERSION = YES;
				CLANG_WARN_OBJC_ROOT_CLASS = YES_ERROR;
				CLANG_WARN_RANGE_LOOP_ANALYSIS = YES;
				CLANG_WARN_STRICT_PROTOTYPES = YES;
				CLANG_WARN_SUSPICIOUS_MOVE = YES;
				CLANG_WARN_UNGUARDED_AVAILABILITY = YES_AGGRESSIVE;
				CLANG_WARN_UNREACHABLE_CODE = YES;
				CLANG_WARN__DUPLICATE_METHOD_MATCH = YES;
				COPY_PHASE_STRIP = NO;
				DEBUG_INFORMATION_FORMAT = "dwarf-with-dsym";
				ENABLE_NS_ASSERTIONS = NO;
				ENABLE_STRICT_OBJC_MSGSEND = YES;
				GCC_C_LANGUAGE_STANDARD = gnu11;
				GCC_NO_COMMON_BLOCKS = YES;
				GCC_WARN_64_TO_32_BIT_CONVERSION = YES;
				GCC_WARN_ABOUT_RETURN_TYPE = YES_ERROR;
				GCC_WARN_UNDECLARED_SELECTOR = YES;
				GCC_WARN_UNINITIALIZED_AUTOS = YES_AGGRESSIVE;
				GCC_WARN_UNUSED_FUNCTION = YES;
				GCC_WARN_UNUSED_VARIABLE = YES;
				IPHONEOS_DEPLOYMENT_TARGET = 13.2;
				MTL_ENABLE_DEBUG_INFO = NO;
				MTL_FAST_MATH = YES;
				SDKROOT = iphoneos;
				SWIFT_COMPILATION_MODE = wholemodule;
				SWIFT_OPTIMIZATION_LEVEL = "-O";
				VALIDATE_PRODUCT = YES;
			};
			name = Release;
		};
		4BC4272B2419318000B83530 /* Debug */ = {
			isa = XCBuildConfiguration;
			buildSettings = {
				ASSETCATALOG_COMPILER_APPICON_NAME = AppIcon;
				CODE_SIGN_STYLE = Automatic;
				DEVELOPMENT_TEAM = QP9ZQ6Q2KY;
				INFOPLIST_FILE = Slider/Info.plist;
				LD_RUNPATH_SEARCH_PATHS = (
					"$(inherited)",
					"@executable_path/Frameworks",
				);
				PRODUCT_BUNDLE_IDENTIFIER = com.buzzsen.Slider;
				PRODUCT_NAME = "$(TARGET_NAME)";
				SWIFT_VERSION = 5.0;
				TARGETED_DEVICE_FAMILY = "1,2";
			};
			name = Debug;
		};
		4BC4272C2419318000B83530 /* Release */ = {
			isa = XCBuildConfiguration;
			buildSettings = {
				ASSETCATALOG_COMPILER_APPICON_NAME = AppIcon;
				CODE_SIGN_STYLE = Automatic;
				DEVELOPMENT_TEAM = QP9ZQ6Q2KY;
				INFOPLIST_FILE = Slider/Info.plist;
				LD_RUNPATH_SEARCH_PATHS = (
					"$(inherited)",
					"@executable_path/Frameworks",
				);
				PRODUCT_BUNDLE_IDENTIFIER = com.buzzsen.Slider;
				PRODUCT_NAME = "$(TARGET_NAME)";
				SWIFT_VERSION = 5.0;
				TARGETED_DEVICE_FAMILY = "1,2";
			};
			name = Release;
		};
		4BC4272E2419318000B83530 /* Debug */ = {
			isa = XCBuildConfiguration;
			buildSettings = {
				ALWAYS_EMBED_SWIFT_STANDARD_LIBRARIES = YES;
				BUNDLE_LOADER = "$(TEST_HOST)";
				CODE_SIGN_STYLE = Automatic;
				DEVELOPMENT_TEAM = QP9ZQ6Q2KY;
				INFOPLIST_FILE = SliderTests/Info.plist;
				IPHONEOS_DEPLOYMENT_TARGET = 13.2;
				LD_RUNPATH_SEARCH_PATHS = (
					"$(inherited)",
					"@executable_path/Frameworks",
					"@loader_path/Frameworks",
				);
				PRODUCT_BUNDLE_IDENTIFIER = com.buzzsen.SliderTests;
				PRODUCT_NAME = "$(TARGET_NAME)";
				SWIFT_VERSION = 5.0;
				TARGETED_DEVICE_FAMILY = "1,2";
				TEST_HOST = "$(BUILT_PRODUCTS_DIR)/Slider.app/Slider";
			};
			name = Debug;
		};
		4BC4272F2419318000B83530 /* Release */ = {
			isa = XCBuildConfiguration;
			buildSettings = {
				ALWAYS_EMBED_SWIFT_STANDARD_LIBRARIES = YES;
				BUNDLE_LOADER = "$(TEST_HOST)";
				CODE_SIGN_STYLE = Automatic;
				DEVELOPMENT_TEAM = QP9ZQ6Q2KY;
				INFOPLIST_FILE = SliderTests/Info.plist;
				IPHONEOS_DEPLOYMENT_TARGET = 13.2;
				LD_RUNPATH_SEARCH_PATHS = (
					"$(inherited)",
					"@executable_path/Frameworks",
					"@loader_path/Frameworks",
				);
				PRODUCT_BUNDLE_IDENTIFIER = com.buzzsen.SliderTests;
				PRODUCT_NAME = "$(TARGET_NAME)";
				SWIFT_VERSION = 5.0;
				TARGETED_DEVICE_FAMILY = "1,2";
				TEST_HOST = "$(BUILT_PRODUCTS_DIR)/Slider.app/Slider";
			};
			name = Release;
		};
		4BC427312419318000B83530 /* Debug */ = {
			isa = XCBuildConfiguration;
			buildSettings = {
				ALWAYS_EMBED_SWIFT_STANDARD_LIBRARIES = YES;
				CODE_SIGN_STYLE = Automatic;
				DEVELOPMENT_TEAM = QP9ZQ6Q2KY;
				INFOPLIST_FILE = SliderUITests/Info.plist;
				LD_RUNPATH_SEARCH_PATHS = (
					"$(inherited)",
					"@executable_path/Frameworks",
					"@loader_path/Frameworks",
				);
				PRODUCT_BUNDLE_IDENTIFIER = com.buzzsen.SliderUITests;
				PRODUCT_NAME = "$(TARGET_NAME)";
				SWIFT_VERSION = 5.0;
				TARGETED_DEVICE_FAMILY = "1,2";
				TEST_TARGET_NAME = Slider;
			};
			name = Debug;
		};
		4BC427322419318000B83530 /* Release */ = {
			isa = XCBuildConfiguration;
			buildSettings = {
				ALWAYS_EMBED_SWIFT_STANDARD_LIBRARIES = YES;
				CODE_SIGN_STYLE = Automatic;
				DEVELOPMENT_TEAM = QP9ZQ6Q2KY;
				INFOPLIST_FILE = SliderUITests/Info.plist;
				LD_RUNPATH_SEARCH_PATHS = (
					"$(inherited)",
					"@executable_path/Frameworks",
					"@loader_path/Frameworks",
				);
				PRODUCT_BUNDLE_IDENTIFIER = com.buzzsen.SliderUITests;
				PRODUCT_NAME = "$(TARGET_NAME)";
				SWIFT_VERSION = 5.0;
				TARGETED_DEVICE_FAMILY = "1,2";
				TEST_TARGET_NAME = Slider;
			};
			name = Release;
		};
/* End XCBuildConfiguration section */

/* Begin XCConfigurationList section */
		4BC426FB2419317D00B83530 /* Build configuration list for PBXProject "Slider" */ = {
			isa = XCConfigurationList;
			buildConfigurations = (
				4BC427282419318000B83530 /* Debug */,
				4BC427292419318000B83530 /* Release */,
			);
			defaultConfigurationIsVisible = 0;
			defaultConfigurationName = Release;
		};
		4BC4272A2419318000B83530 /* Build configuration list for PBXNativeTarget "Slider" */ = {
			isa = XCConfigurationList;
			buildConfigurations = (
				4BC4272B2419318000B83530 /* Debug */,
				4BC4272C2419318000B83530 /* Release */,
			);
			defaultConfigurationIsVisible = 0;
			defaultConfigurationName = Release;
		};
		4BC4272D2419318000B83530 /* Build configuration list for PBXNativeTarget "SliderTests" */ = {
			isa = XCConfigurationList;
			buildConfigurations = (
				4BC4272E2419318000B83530 /* Debug */,
				4BC4272F2419318000B83530 /* Release */,
			);
			defaultConfigurationIsVisible = 0;
			defaultConfigurationName = Release;
		};
		4BC427302419318000B83530 /* Build configuration list for PBXNativeTarget "SliderUITests" */ = {
			isa = XCConfigurationList;
			buildConfigurations = (
				4BC427312419318000B83530 /* Debug */,
				4BC427322419318000B83530 /* Release */,
			);
			defaultConfigurationIsVisible = 0;
			defaultConfigurationName = Release;
		};
/* End XCConfigurationList section */
	};
	rootObject = 4BC426F82419317D00B83530 /* Project object */;
}
